{
  "name": "tour",
  "version": "1.0.0",
  "lockfileVersion": 1,
  "requires": true,
  "dependencies": {
    "popper.js": {
      "version": "1.14.3",
      "resolved": "https://registry.npmjs.org/popper.js/-/popper.js-1.14.3.tgz",
      "integrity": "sha1-FDj5jQRqz3tNeM1QK/QYrGTU8JU="
    },
    "shepherd.js": {
      "version": "2.0.0-beta.2",
      "resolved": "https://registry.npmjs.org/shepherd.js/-/shepherd.js-2.0.0-beta.2.tgz",
      "integrity": "sha512-tis4bnNCtw0pe4SggRquZN3eNS333JG7Pv8MRd3zd8tlv2Gy3E7j2l1ihofu6Xe86gWFhlKyj9WOsueAUPXhZA==",
      "requires": {
        "popper.js": "1.14.3"
      }
    }
  }
}
